PODS:
  - Flutter (1.0.0)
  - flutter_plugin_record (0.0.1):
    - Flutter
  - path_provider (0.0.1):
    - Flutter
  - shared_preferences (0.0.1):
    - Flutter

DEPENDENCIES:
  - Flutter (from `Flutter`)
  - flutter_plugin_record (from `.symlinks/plugins/flutter_plugin_record/ios`)
  - path_provider (from `.symlinks/plugins/path_provider/ios`)
  - shared_preferences (from `.symlinks/plugins/shared_preferences/ios`)

EXTERNAL SOURCES:
  Flutter:
    :path: Flutter
  flutter_plugin_record:
    :path: ".symlinks/plugins/flutter_plugin_record/ios"
  path_provider:
    :path: ".symlinks/plugins/path_provider/ios"
  shared_preferences:
    :path: ".symlinks/plugins/shared_preferences/ios"

SPEC CHECKSUMS:
  Flutter: 434fef37c0980e73bb6479ef766c45957d4b510c
  flutter_plugin_record: 9fcb3b4a6f1259287f5275f3a99b5bd2601637a3
  path_provider: d1a68c4065ce2e0f6fd03f8a46d698525dc79f06
  shared_preferences: 5d0fc5691f4e7293ddfc1b599ca398f8af42f5e7

PODFILE CHECKSUM: aafe91acc616949ddb318b77800a7f51bffa2a4c

COCOAPODS: 1.10.1
